
Microsoft Visual Studio Solution File, Format Version 12.00
# Visual Studio Version 17
VisualStudioVersion = 17.8.34511.84
MinimumVisualStudioVersion = 10.0.40219.1
Project("{9A19103F-16F7-4668-BE54-9A1E7A4F7556}") = "Comparison", "Comparison.csproj", "{F50BBEF1-C349-410A-90B4-BF12D2440074}"
EndProject
Project("{FAE04EC0-301F-11D3-BF4B-00C04F79EFBC}") = "Delegates", "..\Delegates\Delegates.csproj", "{767B72EA-DECA-467D-BB88-0A4100E8C920}"
EndProject
Project("{FAE04EC0-301F-11D3-BF4B-00C04F79EFBC}") = "Predicate", "..\Predicate\Predicate.csproj", "{ED880C0A-F3D2-4F35-9227-91059C0E0FF1}"
EndProject
Global
	GlobalSection(SolutionConfigurationPlatforms) = preSolution
		Debug|Any CPU = Debug|Any CPU
		Release|Any CPU = Release|Any CPU
	EndGlobalSection
	GlobalSection(ProjectConfigurationPlatforms) = postSolution
		{F50BBEF1-C349-410A-90B4-BF12D2440074}.Debug|Any CPU.ActiveCfg = Debug|Any CPU
		{F50BBEF1-C349-410A-90B4-BF12D2440074}.Debug|Any CPU.Build.0 = Debug|Any CPU
		{F50BBEF1-C349-410A-90B4-BF12D2440074}.Release|Any CPU.ActiveCfg = Release|Any CPU
		{F50BBEF1-C349-410A-90B4-BF12D2440074}.Release|Any CPU.Build.0 = Release|Any CPU
		{767B72EA-DECA-467D-BB88-0A4100E8C920}.Debug|Any CPU.ActiveCfg = Debug|Any CPU
		{767B72EA-DECA-467D-BB88-0A4100E8C920}.Debug|Any CPU.Build.0 = Debug|Any CPU
		{767B72EA-DECA-467D-BB88-0A4100E8C920}.Release|Any CPU.ActiveCfg = Release|Any CPU
		{767B72EA-DECA-467D-BB88-0A4100E8C920}.Release|Any CPU.Build.0 = Release|Any CPU
		{ED880C0A-F3D2-4F35-9227-91059C0E0FF1}.Debug|Any CPU.ActiveCfg = Debug|Any CPU
		{ED880C0A-F3D2-4F35-9227-91059C0E0FF1}.Debug|Any CPU.Build.0 = Debug|Any CPU
		{ED880C0A-F3D2-4F35-9227-91059C0E0FF1}.Release|Any CPU.ActiveCfg = Release|Any CPU
		{ED880C0A-F3D2-4F35-9227-91059C0E0FF1}.Release|Any CPU.Build.0 = Release|Any CPU
	EndGlobalSection
	GlobalSection(SolutionProperties) = preSolution
		HideSolutionNode = FALSE
	EndGlobalSection
	GlobalSection(ExtensibilityGlobals) = postSolution
		SolutionGuid = {2F786BC2-3B42-427A-B41E-F33BB7B6EE96}
	EndGlobalSection
EndGlobal
